// !$*UTF8*$!
{
	archiveVersion = 1;
	classes = {
	};
	objectVersion = 70;
	objects = {

/* Begin PBXBuildFile section */
		56990E952E1282B20049F782 /* AppDelegate.swift in Sources */ = {isa = PBXBuildFile; fileRef = 56990E942E1282B20049F782 /* AppDelegate.swift */; };
		56990E972E1282B20049F782 /* SceneDelegate.swift in Sources */ = {isa = PBXBuildFile; fileRef = 56990E962E1282B20049F782 /* SceneDelegate.swift */; };
		56990E992E1282B20049F782 /* SearchViewController.swift in Sources */ = {isa = PBXBuildFile; fileRef = 56990E982E1282B20049F782 /* SearchViewController.swift */; };
		56990E9C2E1282B20049F782 /* Main.storyboard in Resources */ = {isa = PBXBuildFile; fileRef = 56990E9A2E1282B20049F782 /* Main.storyboard */; };
		56990E9E2E1282BA0049F782 /* Assets.xcassets in Resources */ = {isa = PBXBuildFile; fileRef = 56990E9D2E1282BA0049F782 /* Assets.xcassets */; };
		56990EA12E1282BA0049F782 /* LaunchScreen.storyboard in Resources */ = {isa = PBXBuildFile; fileRef = 56990E9F2E1282BA0049F782 /* LaunchScreen.storyboard */; };
		56990EA92E1284690049F782 /* AppCoordinator.swift in Sources */ = {isa = PBXBuildFile; fileRef = 56990EA82E1284690049F782 /* AppCoordinator.swift */; };
		56990EAC2E1284C40049F782 /* ITunesMusicService.swift in Sources */ = {isa = PBXBuildFile; fileRef = 56990EAB2E1284C40049F782 /* ITunesMusicService.swift */; };
		56990EAE2E12851B0049F782 /* ITunesMusicRepository.swift in Sources */ = {isa = PBXBuildFile; fileRef = 56990EAD2E12851B0049F782 /* ITunesMusicRepository.swift */; };
		56990EB12E12884C0049F782 /* SearchViewModel.swift in Sources */ = {isa = PBXBuildFile; fileRef = 56990EB02E12884C0049F782 /* SearchViewModel.swift */; };
		56990EB62E128BAB0049F782 /* MusicTrack.swift in Sources */ = {isa = PBXBuildFile; fileRef = 56990EB52E128BAB0049F782 /* MusicTrack.swift */; };
		56990EB82E128EA30049F782 /* MusicTrackTableViewCell.swift in Sources */ = {isa = PBXBuildFile; fileRef = 56990EB72E128EA30049F782 /* MusicTrackTableViewCell.swift */; };
		56990EBA2E12CA5C0049F782 /* String+extension.swift in Sources */ = {isa = PBXBuildFile; fileRef = 56990EB92E12CA5C0049F782 /* String+extension.swift */; };
		56990EBC2E12CF820049F782 /* ITunesMusicTrack.swift in Sources */ = {isa = PBXBuildFile; fileRef = 56990EBB2E12CF820049F782 /* ITunesMusicTrack.swift */; };
		56990EBF2E13DDFB0049F782 /* AsyncSetImageView.swift in Sources */ = {isa = PBXBuildFile; fileRef = 56990EBE2E13DDFB0049F782 /* AsyncSetImageView.swift */; };
		56A088782E148B91004E92CC /* MusicTrack.swift in Sources */ = {isa = PBXBuildFile; fileRef = 56990EB52E128BAB0049F782 /* MusicTrack.swift */; };
		56A088792E148B97004E92CC /* ITunesMusicTrack.swift in Sources */ = {isa = PBXBuildFile; fileRef = 56990EBB2E12CF820049F782 /* ITunesMusicTrack.swift */; };
		56A0887A2E148BAE004E92CC /* ITunesMusicRepository.swift in Sources */ = {isa = PBXBuildFile; fileRef = 56990EAD2E12851B0049F782 /* ITunesMusicRepository.swift */; };
		56A0887E2E148C95004E92CC /* ITunesMusicService.swift in Sources */ = {isa = PBXBuildFile; fileRef = 56990EAB2E1284C40049F782 /* ITunesMusicService.swift */; };
/* End PBXBuildFile section */

/* Begin PBXContainerItemProxy section */
		56A0886D2E148986004E92CC /* PBXContainerItemProxy */ = {
			isa = PBXContainerItemProxy;
			containerPortal = 56990E892E1282B20049F782 /* Project object */;
			proxyType = 1;
			remoteGlobalIDString = 56990E902E1282B20049F782;
			remoteInfo = KubaGroup2025;
		};
/* End PBXContainerItemProxy section */

/* Begin PBXFileReference section */
		56990E912E1282B20049F782 /* KubaGroup2025.app */ = {isa = PBXFileReference; explicitFileType = wrapper.application; includeInIndex = 0; path = KubaGroup2025.app; sourceTree = BUILT_PRODUCTS_DIR; };
		56990E942E1282B20049F782 /* AppDelegate.swift */ = {isa = PBXFileReference; lastKnownFileType = sourcecode.swift; path = AppDelegate.swift; sourceTree = "<group>"; };
		56990E962E1282B20049F782 /* SceneDelegate.swift */ = {isa = PBXFileReference; lastKnownFileType = sourcecode.swift; path = SceneDelegate.swift; sourceTree = "<group>"; };
		56990E982E1282B20049F782 /* SearchViewController.swift */ = {isa = PBXFileReference; lastKnownFileType = sourcecode.swift; path = SearchViewController.swift; sourceTree = "<group>"; };
		56990E9B2E1282B20049F782 /* Base */ = {isa = PBXFileReference; lastKnownFileType = file.storyboard; name = Base; path = Base.lproj/Main.storyboard; sourceTree = "<group>"; };
		56990E9D2E1282BA0049F782 /* Assets.xcassets */ = {isa = PBXFileReference; lastKnownFileType = folder.assetcatalog; path = Assets.xcassets; sourceTree = "<group>"; };
		56990EA02E1282BA0049F782 /* Base */ = {isa = PBXFileReference; lastKnownFileType = file.storyboard; name = Base; path = Base.lproj/LaunchScreen.storyboard; sourceTree = "<group>"; };
		56990EA22E1282BA0049F782 /* Info.plist */ = {isa = PBXFileReference; lastKnownFileType = text.plist.xml; path = Info.plist; sourceTree = "<group>"; };
		56990EA82E1284690049F782 /* AppCoordinator.swift */ = {isa = PBXFileReference; lastKnownFileType = sourcecode.swift; path = AppCoordinator.swift; sourceTree = "<group>"; };
		56990EAB2E1284C40049F782 /* ITunesMusicService.swift */ = {isa = PBXFileReference; lastKnownFileType = sourcecode.swift; path = ITunesMusicService.swift; sourceTree = "<group>"; };
		56990EAD2E12851B0049F782 /* ITunesMusicRepository.swift */ = {isa = PBXFileReference; lastKnownFileType = sourcecode.swift; path = ITunesMusicRepository.swift; sourceTree = "<group>"; };
		56990EB02E12884C0049F782 /* SearchViewModel.swift */ = {isa = PBXFileReference; lastKnownFileType = sourcecode.swift; path = SearchViewModel.swift; sourceTree = "<group>"; };
		56990EB52E128BAB0049F782 /* MusicTrack.swift */ = {isa = PBXFileReference; lastKnownFileType = sourcecode.swift; path = MusicTrack.swift; sourceTree = "<group>"; };
		56990EB72E128EA30049F782 /* MusicTrackTableViewCell.swift */ = {isa = PBXFileReference; lastKnownFileType = sourcecode.swift; path = MusicTrackTableViewCell.swift; sourceTree = "<group>"; };
		56990EB92E12CA5C0049F782 /* String+extension.swift */ = {isa = PBXFileReference; lastKnownFileType = sourcecode.swift; path = "String+extension.swift"; sourceTree = "<group>"; };
		56990EBB2E12CF820049F782 /* ITunesMusicTrack.swift */ = {isa = PBXFileReference; lastKnownFileType = sourcecode.swift; path = ITunesMusicTrack.swift; sourceTree = "<group>"; };
		56990EBE2E13DDFB0049F782 /* AsyncSetImageView.swift */ = {isa = PBXFileReference; lastKnownFileType = sourcecode.swift; path = AsyncSetImageView.swift; sourceTree = "<group>"; };
		56A088692E148986004E92CC /* KubaGroup2025Tests.xctest */ = {isa = PBXFileReference; explicitFileType = wrapper.cfbundle; includeInIndex = 0; path = KubaGroup2025Tests.xctest; sourceTree = BUILT_PRODUCTS_DIR; };
/* End PBXFileReference section */

/* Begin PBXFileSystemSynchronizedRootGroup section */
		56A0886A2E148986004E92CC /* KubaGroup2025Tests */ = {isa = PBXFileSystemSynchronizedRootGroup; explicitFileTypes = {}; explicitFolders = (); path = KubaGroup2025Tests; sourceTree = "<group>"; };
/* End PBXFileSystemSynchronizedRootGroup section */

/* Begin PBXFrameworksBuildPhase section */
		56990E8E2E1282B20049F782 /* Frameworks */ = {
			isa = PBXFrameworksBuildPhase;
			buildActionMask = 2147483647;
			files = (
			);
			runOnlyForDeploymentPostprocessing = 0;
		};
		56A088662E148986004E92CC /* Frameworks */ = {
			isa = PBXFrameworksBuildPhase;
			buildActionMask = 2147483647;
			files = (
			);
			runOnlyForDeploymentPostprocessing = 0;
		};
/* End PBXFrameworksBuildPhase section */

/* Begin PBXGroup section */
		56990E882E1282B20049F782 = {
			isa = PBXGroup;
			children = (
				56990E932E1282B20049F782 /* KubaGroup2025 */,
				56A0886A2E148986004E92CC /* KubaGroup2025Tests */,
				56990E922E1282B20049F782 /* Products */,
			);
			sourceTree = "<group>";
		};
		56990E922E1282B20049F782 /* Products */ = {
			isa = PBXGroup;
			children = (
				56990E912E1282B20049F782 /* KubaGroup2025.app */,
				56A088692E148986004E92CC /* KubaGroup2025Tests.xctest */,
			);
			name = Products;
			sourceTree = "<group>";
		};
		56990E932E1282B20049F782 /* KubaGroup2025 */ = {
			isa = PBXGroup;
			children = (
				56990EA82E1284690049F782 /* AppCoordinator.swift */,
				56990E942E1282B20049F782 /* AppDelegate.swift */,
				56990E962E1282B20049F782 /* SceneDelegate.swift */,
				56990EB92E12CA5C0049F782 /* String+extension.swift */,
				56990EB42E128B8D0049F782 /* Models */,
				56990EAA2E1284B00049F782 /* Services */,
				56990EAF2E1288390049F782 /* Views */,
				56990E9A2E1282B20049F782 /* Main.storyboard */,
				56990E9D2E1282BA0049F782 /* Assets.xcassets */,
				56990E9F2E1282BA0049F782 /* LaunchScreen.storyboard */,
				56990EA22E1282BA0049F782 /* Info.plist */,
			);
			path = KubaGroup2025;
			sourceTree = "<group>";
		};
		56990EAA2E1284B00049F782 /* Services */ = {
			isa = PBXGroup;
			children = (
				56990EAB2E1284C40049F782 /* ITunesMusicService.swift */,
				56990EAD2E12851B0049F782 /* ITunesMusicRepository.swift */,
			);
			path = Services;
			sourceTree = "<group>";
		};
		56990EAF2E1288390049F782 /* Views */ = {
			isa = PBXGroup;
			children = (
				56990EBE2E13DDFB0049F782 /* AsyncSetImageView.swift */,
				56990E982E1282B20049F782 /* SearchViewController.swift */,
				56990EB02E12884C0049F782 /* SearchViewModel.swift */,
				56990EB72E128EA30049F782 /* MusicTrackTableViewCell.swift */,
			);
			path = Views;
			sourceTree = "<group>";
		};
		56990EB42E128B8D0049F782 /* Models */ = {
			isa = PBXGroup;
			children = (
				56990EBB2E12CF820049F782 /* ITunesMusicTrack.swift */,
				56990EB52E128BAB0049F782 /* MusicTrack.swift */,
			);
			path = Models;
			sourceTree = "<group>";
		};
/* End PBXGroup section */

/* Begin PBXNativeTarget section */
		56990E902E1282B20049F782 /* KubaGroup2025 */ = {
			isa = PBXNativeTarget;
			buildConfigurationList = 56990EA52E1282BA0049F782 /* Build configuration list for PBXNativeTarget "KubaGroup2025" */;
			buildPhases = (
				56990E8D2E1282B20049F782 /* Sources */,
				56990E8E2E1282B20049F782 /* Frameworks */,
				56990E8F2E1282B20049F782 /* Resources */,
			);
			buildRules = (
			);
			dependencies = (
			);
			name = KubaGroup2025;
			productName = KubaGroup2025;
			productReference = 56990E912E1282B20049F782 /* KubaGroup2025.app */;
			productType = "com.apple.product-type.application";
		};
		56A088682E148986004E92CC /* KubaGroup2025Tests */ = {
			isa = PBXNativeTarget;
			buildConfigurationList = 56A088712E148986004E92CC /* Build configuration list for PBXNativeTarget "KubaGroup2025Tests" */;
			buildPhases = (
				56A088652E148986004E92CC /* Sources */,
				56A088662E148986004E92CC /* Frameworks */,
				56A088672E148986004E92CC /* Resources */,
			);
			buildRules = (
			);
			dependencies = (
				56A0886E2E148986004E92CC /* PBXTargetDependency */,
			);
			fileSystemSynchronizedGroups = (
				56A0886A2E148986004E92CC /* KubaGroup2025Tests */,
			);
			name = KubaGroup2025Tests;
			packageProductDependencies = (
			);
			productName = KubaGroup2025Tests;
			productReference = 56A088692E148986004E92CC /* KubaGroup2025Tests.xctest */;
			productType = "com.apple.product-type.bundle.unit-test";
		};
/* End PBXNativeTarget section */

/* Begin PBXProject section */
		56990E892E1282B20049F782 /* Project object */ = {
			isa = PBXProject;
			attributes = {
				BuildIndependentTargetsInParallel = 1;
				LastSwiftUpdateCheck = 1630;
				LastUpgradeCheck = 1520;
				TargetAttributes = {
					56990E902E1282B20049F782 = {
						CreatedOnToolsVersion = 15.2;
					};
					56A088682E148986004E92CC = {
						CreatedOnToolsVersion = 16.3;
						TestTargetID = 56990E902E1282B20049F782;
					};
				};
			};
			buildConfigurationList = 56990E8C2E1282B20049F782 /* Build configuration list for PBXProject "KubaGroup2025" */;
			compatibilityVersion = "Xcode 14.0";
			developmentRegion = en;
			hasScannedForEncodings = 0;
			knownRegions = (
				en,
				Base,
			);
			mainGroup = 56990E882E1282B20049F782;
			productRefGroup = 56990E922E1282B20049F782 /* Products */;
			projectDirPath = "";
			projectRoot = "";
			targets = (
				56990E902E1282B20049F782 /* KubaGroup2025 */,
				56A088682E148986004E92CC /* KubaGroup2025Tests */,
			);
		};
/* End PBXProject section */

/* Begin PBXResourcesBuildPhase section */
		56990E8F2E1282B20049F782 /* Resources */ = {
			isa = PBXResourcesBuildPhase;
			buildActionMask = 2147483647;
			files = (
				56990EA12E1282BA0049F782 /* LaunchScreen.storyboard in Resources */,
				56990E9E2E1282BA0049F782 /* Assets.xcassets in Resources */,
				56990E9C2E1282B20049F782 /* Main.storyboard in Resources */,
			);
			runOnlyForDeploymentPostprocessing = 0;
		};
		56A088672E148986004E92CC /* Resources */ = {
			isa = PBXResourcesBuildPhase;
			buildActionMask = 2147483647;
			files = (
			);
			runOnlyForDeploymentPostprocessing = 0;
		};
/* End PBXResourcesBuildPhase section */

/* Begin PBXSourcesBuildPhase section */
		56990E8D2E1282B20049F782 /* Sources */ = {
			isa = PBXSourcesBuildPhase;
			buildActionMask = 2147483647;
			files = (
				56990EB82E128EA30049F782 /* MusicTrackTableViewCell.swift in Sources */,
				56990EA92E1284690049F782 /* AppCoordinator.swift in Sources */,
				56990EB12E12884C0049F782 /* SearchViewModel.swift in Sources */,
				56990E992E1282B20049F782 /* SearchViewController.swift in Sources */,
				56990E952E1282B20049F782 /* AppDelegate.swift in Sources */,
				56990EBC2E12CF820049F782 /* ITunesMusicTrack.swift in Sources */,
				56990E972E1282B20049F782 /* SceneDelegate.swift in Sources */,
				56990EBA2E12CA5C0049F782 /* String+extension.swift in Sources */,
				56990EAC2E1284C40049F782 /* ITunesMusicService.swift in Sources */,
				56990EAE2E12851B0049F782 /* ITunesMusicRepository.swift in Sources */,
				56990EBF2E13DDFB0049F782 /* AsyncSetImageView.swift in Sources */,
				56990EB62E128BAB0049F782 /* MusicTrack.swift in Sources */,
			);
			runOnlyForDeploymentPostprocessing = 0;
		};
		56A088652E148986004E92CC /* Sources */ = {
			isa = PBXSourcesBuildPhase;
			buildActionMask = 2147483647;
			files = (
				56A088782E148B91004E92CC /* MusicTrack.swift in Sources */,
				56A088792E148B97004E92CC /* ITunesMusicTrack.swift in Sources */,
				56A0887E2E148C95004E92CC /* ITunesMusicService.swift in Sources */,
				56A0887A2E148BAE004E92CC /* ITunesMusicRepository.swift in Sources */,
			);
			runOnlyForDeploymentPostprocessing = 0;
		};
/* End PBXSourcesBuildPhase section */

/* Begin PBXTargetDependency section */
		56A0886E2E148986004E92CC /* PBXTargetDependency */ = {
			isa = PBXTargetDependency;
			target = 56990E902E1282B20049F782 /* KubaGroup2025 */;
			targetProxy = 56A0886D2E148986004E92CC /* PBXContainerItemProxy */;
		};
/* End PBXTargetDependency section */

/* Begin PBXVariantGroup section */
		56990E9A2E1282B20049F782 /* Main.storyboard */ = {
			isa = PBXVariantGroup;
			children = (
				56990E9B2E1282B20049F782 /* Base */,
			);
			name = Main.storyboard;
			sourceTree = "<group>";
		};
		56990E9F2E1282BA0049F782 /* LaunchScreen.storyboard */ = {
			isa = PBXVariantGroup;
			children = (
				56990EA02E1282BA0049F782 /* Base */,
			);
			name = LaunchScreen.storyboard;
			sourceTree = "<group>";
		};
/* End PBXVariantGroup section */

/* Begin XCBuildConfiguration section */
		56990EA32E1282BA0049F782 /* Debug */ = {
			isa = XCBuildConfiguration;
			buildSettings = {
				ALWAYS_SEARCH_USER_PATHS = NO;
				ASSETCATALOG_COMPILER_GENERATE_SWIFT_ASSET_SYMBOL_EXTENSIONS = YES;
				CLANG_ANALYZER_NONNULL = YES;
				CLANG_ANALYZER_NUMBER_OBJECT_CONVERSION = YES_AGGRESSIVE;
				CLANG_CXX_LANGUAGE_STANDARD = "gnu++20";
				CLANG_ENABLE_MODULES = YES;
				CLANG_ENABLE_OBJC_ARC = YES;
				CLANG_ENABLE_OBJC_WEAK = YES;
				CLANG_WARN_BLOCK_CAPTURE_AUTORELEASING = YES;
				CLANG_WARN_BOOL_CONVERSION = YES;
				CLANG_WARN_COMMA = YES;
				CLANG_WARN_CONSTANT_CONVERSION = YES;
				CLANG_WARN_DEPRECATED_OBJC_IMPLEMENTATIONS = YES;
				CLANG_WARN_DIRECT_OBJC_ISA_USAGE = YES_ERROR;
				CLANG_WARN_DOCUMENTATION_COMMENTS = YES;
				CLANG_WARN_EMPTY_BODY = YES;
				CLANG_WARN_ENUM_CONVERSION = YES;
				CLANG_WARN_INFINITE_RECURSION = YES;
				CLANG_WARN_INT_CONVERSION = YES;
				CLANG_WARN_NON_LITERAL_NULL_CONVERSION = YES;
				CLANG_WARN_OBJC_IMPLICIT_RETAIN_SELF = YES;
				CLANG_WARN_OBJC_LITERAL_CONVERSION = YES;
				CLANG_WARN_OBJC_ROOT_CLASS = YES_ERROR;
				CLANG_WARN_QUOTED_INCLUDE_IN_FRAMEWORK_HEADER = YES;
				CLANG_WARN_RANGE_LOOP_ANALYSIS = YES;
				CLANG_WARN_STRICT_PROTOTYPES = YES;
				CLANG_WARN_SUSPICIOUS_MOVE = YES;
				CLANG_WARN_UNGUARDED_AVAILABILITY = YES_AGGRESSIVE;
				CLANG_WARN_UNREACHABLE_CODE = YES;
				CLANG_WARN__DUPLICATE_METHOD_MATCH = YES;
				COPY_PHASE_STRIP = NO;
				DEBUG_INFORMATION_FORMAT = dwarf;
				ENABLE_STRICT_OBJC_MSGSEND = YES;
				ENABLE_TESTABILITY = YES;
				ENABLE_USER_SCRIPT_SANDBOXING = YES;
				GCC_C_LANGUAGE_STANDARD = gnu17;
				GCC_DYNAMIC_NO_PIC = NO;
				GCC_NO_COMMON_BLOCKS = YES;
				GCC_OPTIMIZATION_LEVEL = 0;
				GCC_PREPROCESSOR_DEFINITIONS = (
					"DEBUG=1",
					"$(inherited)",
				);
				GCC_WARN_64_TO_32_BIT_CONVERSION = YES;
				GCC_WARN_ABOUT_RETURN_TYPE = YES_ERROR;
				GCC_WARN_UNDECLARED_SELECTOR = YES;
				GCC_WARN_UNINITIALIZED_AUTOS = YES_AGGRESSIVE;
				GCC_WARN_UNUSED_FUNCTION = YES;
				GCC_WARN_UNUSED_VARIABLE = YES;
				IPHONEOS_DEPLOYMENT_TARGET = 17.2;
				LOCALIZATION_PREFERS_STRING_CATALOGS = YES;
				MTL_ENABLE_DEBUG_INFO = INCLUDE_SOURCE;
				MTL_FAST_MATH = YES;
				ONLY_ACTIVE_ARCH = YES;
				SDKROOT = iphoneos;
				SWIFT_ACTIVE_COMPILATION_CONDITIONS = "DEBUG $(inherited)";
				SWIFT_OPTIMIZATION_LEVEL = "-Onone";
			};
			name = Debug;
		};
		56990EA42E1282BA0049F782 /* Release */ = {
			isa = XCBuildConfiguration;
			buildSettings = {
				ALWAYS_SEARCH_USER_PATHS = NO;
				ASSETCATALOG_COMPILER_GENERATE_SWIFT_ASSET_SYMBOL_EXTENSIONS = YES;
				CLANG_ANALYZER_NONNULL = YES;
				CLANG_ANALYZER_NUMBER_OBJECT_CONVERSION = YES_AGGRESSIVE;
				CLANG_CXX_LANGUAGE_STANDARD = "gnu++20";
				CLANG_ENABLE_MODULES = YES;
				CLANG_ENABLE_OBJC_ARC = YES;
				CLANG_ENABLE_OBJC_WEAK = YES;
				CLANG_WARN_BLOCK_CAPTURE_AUTORELEASING = YES;
				CLANG_WARN_BOOL_CONVERSION = YES;
				CLANG_WARN_COMMA = YES;
				CLANG_WARN_CONSTANT_CONVERSION = YES;
				CLANG_WARN_DEPRECATED_OBJC_IMPLEMENTATIONS = YES;
				CLANG_WARN_DIRECT_OBJC_ISA_USAGE = YES_ERROR;
				CLANG_WARN_DOCUMENTATION_COMMENTS = YES;
				CLANG_WARN_EMPTY_BODY = YES;
				CLANG_WARN_ENUM_CONVERSION = YES;
				CLANG_WARN_INFINITE_RECURSION = YES;
				CLANG_WARN_INT_CONVERSION = YES;
				CLANG_WARN_NON_LITERAL_NULL_CONVERSION = YES;
				CLANG_WARN_OBJC_IMPLICIT_RETAIN_SELF = YES;
				CLANG_WARN_OBJC_LITERAL_CONVERSION = YES;
				CLANG_WARN_OBJC_ROOT_CLASS = YES_ERROR;
				CLANG_WARN_QUOTED_INCLUDE_IN_FRAMEWORK_HEADER = YES;
				CLANG_WARN_RANGE_LOOP_ANALYSIS = YES;
				CLANG_WARN_STRICT_PROTOTYPES = YES;
				CLANG_WARN_SUSPICIOUS_MOVE = YES;
				CLANG_WARN_UNGUARDED_AVAILABILITY = YES_AGGRESSIVE;
				CLANG_WARN_UNREACHABLE_CODE = YES;
				CLANG_WARN__DUPLICATE_METHOD_MATCH = YES;
				COPY_PHASE_STRIP = NO;
				DEBUG_INFORMATION_FORMAT = "dwarf-with-dsym";
				ENABLE_NS_ASSERTIONS = NO;
				ENABLE_STRICT_OBJC_MSGSEND = YES;
				ENABLE_USER_SCRIPT_SANDBOXING = YES;
				GCC_C_LANGUAGE_STANDARD = gnu17;
				GCC_NO_COMMON_BLOCKS = YES;
				GCC_WARN_64_TO_32_BIT_CONVERSION = YES;
				GCC_WARN_ABOUT_RETURN_TYPE = YES_ERROR;
				GCC_WARN_UNDECLARED_SELECTOR = YES;
				GCC_WARN_UNINITIALIZED_AUTOS = YES_AGGRESSIVE;
				GCC_WARN_UNUSED_FUNCTION = YES;
				GCC_WARN_UNUSED_VARIABLE = YES;
				IPHONEOS_DEPLOYMENT_TARGET = 17.2;
				LOCALIZATION_PREFERS_STRING_CATALOGS = YES;
				MTL_ENABLE_DEBUG_INFO = NO;
				MTL_FAST_MATH = YES;
				SDKROOT = iphoneos;
				SWIFT_COMPILATION_MODE = wholemodule;
				VALIDATE_PRODUCT = YES;
			};
			name = Release;
		};
		56990EA62E1282BA0049F782 /* Debug */ = {
			isa = XCBuildConfiguration;
			buildSettings = {
				ASSETCATALOG_COMPILER_APPICON_NAME = AppIcon;
				ASSETCATALOG_COMPILER_GLOBAL_ACCENT_COLOR_NAME = AccentColor;
				CODE_SIGN_STYLE = Automatic;
				CURRENT_PROJECT_VERSION = 1;
				DEVELOPMENT_TEAM = QF5JHNXZK7;
				GENERATE_INFOPLIST_FILE = YES;
				INFOPLIST_FILE = KubaGroup2025/Info.plist;
				INFOPLIST_KEY_UIApplicationSupportsIndirectInputEvents = YES;
				INFOPLIST_KEY_UILaunchStoryboardName = LaunchScreen;
				INFOPLIST_KEY_UIMainStoryboardFile = Main;
				INFOPLIST_KEY_UISupportedInterfaceOrientations_iPad = "UIInterfaceOrientationPortrait UIInterfaceOrientationPortraitUpsideDown UIInterfaceOrientationLandscapeLeft UIInterfaceOrientationLandscapeRight";
				INFOPLIST_KEY_UISupportedInterfaceOrientations_iPhone = "UIInterfaceOrientationPortrait UIInterfaceOrientationLandscapeLeft UIInterfaceOrientationLandscapeRight";
				LD_RUNPATH_SEARCH_PATHS = (
					"$(inherited)",
					"@executable_path/Frameworks",
				);
				MARKETING_VERSION = 1.0;
				PRODUCT_BUNDLE_IDENTIFIER = None.KubaGroup2025;
				PRODUCT_NAME = "$(TARGET_NAME)";
				SWIFT_EMIT_LOC_STRINGS = YES;
				SWIFT_VERSION = 5.0;
				TARGETED_DEVICE_FAMILY = "1,2";
			};
			name = Debug;
		};
		56990EA72E1282BA0049F782 /* Release */ = {
			isa = XCBuildConfiguration;
			buildSettings = {
				ASSETCATALOG_COMPILER_APPICON_NAME = AppIcon;
				ASSETCATALOG_COMPILER_GLOBAL_ACCENT_COLOR_NAME = AccentColor;
				CODE_SIGN_STYLE = Automatic;
				CURRENT_PROJECT_VERSION = 1;
				DEVELOPMENT_TEAM = QF5JHNXZK7;
				GENERATE_INFOPLIST_FILE = YES;
				INFOPLIST_FILE = KubaGroup2025/Info.plist;
				INFOPLIST_KEY_UIApplicationSupportsIndirectInputEvents = YES;
				INFOPLIST_KEY_UILaunchStoryboardName = LaunchScreen;
				INFOPLIST_KEY_UIMainStoryboardFile = Main;
				INFOPLIST_KEY_UISupportedInterfaceOrientations_iPad = "UIInterfaceOrientationPortrait UIInterfaceOrientationPortraitUpsideDown UIInterfaceOrientationLandscapeLeft UIInterfaceOrientationLandscapeRight";
				INFOPLIST_KEY_UISupportedInterfaceOrientations_iPhone = "UIInterfaceOrientationPortrait UIInterfaceOrientationLandscapeLeft UIInterfaceOrientationLandscapeRight";
				LD_RUNPATH_SEARCH_PATHS = (
					"$(inherited)",
					"@executable_path/Frameworks",
				);
				MARKETING_VERSION = 1.0;
				PRODUCT_BUNDLE_IDENTIFIER = None.KubaGroup2025;
				PRODUCT_NAME = "$(TARGET_NAME)";
				SWIFT_EMIT_LOC_STRINGS = YES;
				SWIFT_VERSION = 5.0;
				TARGETED_DEVICE_FAMILY = "1,2";
			};
			name = Release;
		};
		56A0886F2E148986004E92CC /* Debug */ = {
			isa = XCBuildConfiguration;
			buildSettings = {
				BUNDLE_LOADER = "$(TEST_HOST)";
				CODE_SIGN_STYLE = Automatic;
				CURRENT_PROJECT_VERSION = 1;
				DEVELOPMENT_TEAM = QF5JHNXZK7;
				GENERATE_INFOPLIST_FILE = YES;
				INFOPLIST_KEY_MetalCaptureEnabled = YES;
				IPHONEOS_DEPLOYMENT_TARGET = 18.4;
				MARKETING_VERSION = 1.0;
				PRODUCT_BUNDLE_IDENTIFIER = None.KubaGroup2025Tests;
				PRODUCT_NAME = "$(TARGET_NAME)";
				SWIFT_EMIT_LOC_STRINGS = NO;
				SWIFT_VERSION = 5.0;
				TARGETED_DEVICE_FAMILY = "1,2";
				TEST_HOST = "$(BUILT_PRODUCTS_DIR)/KubaGroup2025.app/$(BUNDLE_EXECUTABLE_FOLDER_PATH)/KubaGroup2025";
			};
			name = Debug;
		};
		56A088702E148986004E92CC /* Release */ = {
			isa = XCBuildConfiguration;
			buildSettings = {
				BUNDLE_LOADER = "$(TEST_HOST)";
				CODE_SIGN_STYLE = Automatic;
				CURRENT_PROJECT_VERSION = 1;
				DEVELOPMENT_TEAM = QF5JHNXZK7;
				GENERATE_INFOPLIST_FILE = YES;
				INFOPLIST_KEY_MetalCaptureEnabled = YES;
				IPHONEOS_DEPLOYMENT_TARGET = 18.4;
				MARKETING_VERSION = 1.0;
				PRODUCT_BUNDLE_IDENTIFIER = None.KubaGroup2025Tests;
				PRODUCT_NAME = "$(TARGET_NAME)";
				SWIFT_EMIT_LOC_STRINGS = NO;
				SWIFT_VERSION = 5.0;
				TARGETED_DEVICE_FAMILY = "1,2";
				TEST_HOST = "$(BUILT_PRODUCTS_DIR)/KubaGroup2025.app/$(BUNDLE_EXECUTABLE_FOLDER_PATH)/KubaGroup2025";
			};
			name = Release;
		};
/* End XCBuildConfiguration section */

/* Begin XCConfigurationList section */
		56990E8C2E1282B20049F782 /* Build configuration list for PBXProject "KubaGroup2025" */ = {
			isa = XCConfigurationList;
			buildConfigurations = (
				56990EA32E1282BA0049F782 /* Debug */,
				56990EA42E1282BA0049F782 /* Release */,
			);
			defaultConfigurationIsVisible = 0;
			defaultConfigurationName = Release;
		};
		56990EA52E1282BA0049F782 /* Build configuration list for PBXNativeTarget "KubaGroup2025" */ = {
			isa = XCConfigurationList;
			buildConfigurations = (
				56990EA62E1282BA0049F782 /* Debug */,
				56990EA72E1282BA0049F782 /* Release */,
			);
			defaultConfigurationIsVisible = 0;
			defaultConfigurationName = Release;
		};
		56A088712E148986004E92CC /* Build configuration list for PBXNativeTarget "KubaGroup2025Tests" */ = {
			isa = XCConfigurationList;
			buildConfigurations = (
				56A0886F2E148986004E92CC /* Debug */,
				56A088702E148986004E92CC /* Release */,
			);
			defaultConfigurationIsVisible = 0;
			defaultConfigurationName = Release;
		};
/* End XCConfigurationList section */
	};
	rootObject = 56990E892E1282B20049F782 /* Project object */;
}
